
Microsoft Visual Studio Solution File, Format Version 12.00
# Visual Studio Version 16
VisualStudioVersion = 16.0.31205.134
MinimumVisualStudioVersion = 10.0.40219.1
Project("{2150E333-8FDC-42A3-9474-1A3956D46DE8}") = "Services", "Services", "{9AD75D3E-5A83-4CAE-813D-089DC4CBC361}"
EndProject
Project("{2150E333-8FDC-42A3-9474-1A3956D46DE8}") = "Stakeholder", "Stakeholder", "{964BBDA2-951A-41F5-B0E8-CAE78F39310E}"
EndProject
Project("{FAE04EC0-301F-11D3-BF4B-00C04F79EFBC}") = "DLB.CrackingPM.Services.Stakeholder.API", "Services\Stakeholder\DLB.CrackingPM.Services.Stakeholder.API\DLB.CrackingPM.Services.Stakeholder.API.csproj", "{EAD768FF-255A-4937-8DED-F7E1D2E64455}"
EndProject
Global
	GlobalSection(SolutionConfigurationPlatforms) = preSolution
		Debug|Any CPU = Debug|Any CPU
		Release|Any CPU = Release|Any CPU
	EndGlobalSection
	GlobalSection(ProjectConfigurationPlatforms) = postSolution
		{EAD768FF-255A-4937-8DED-F7E1D2E64455}.Debug|Any CPU.ActiveCfg = Debug|Any CPU
		{EAD768FF-255A-4937-8DED-F7E1D2E64455}.Debug|Any CPU.Build.0 = Debug|Any CPU
		{EAD768FF-255A-4937-8DED-F7E1D2E64455}.Release|Any CPU.ActiveCfg = Release|Any CPU
		{EAD768FF-255A-4937-8DED-F7E1D2E64455}.Release|Any CPU.Build.0 = Release|Any CPU
	EndGlobalSection
	GlobalSection(SolutionProperties) = preSolution
		HideSolutionNode = FALSE
	EndGlobalSection
	GlobalSection(NestedProjects) = preSolution
		{964BBDA2-951A-41F5-B0E8-CAE78F39310E} = {9AD75D3E-5A83-4CAE-813D-089DC4CBC361}
		{EAD768FF-255A-4937-8DED-F7E1D2E64455} = {964BBDA2-951A-41F5-B0E8-CAE78F39310E}
	EndGlobalSection
	GlobalSection(ExtensibilityGlobals) = postSolution
		SolutionGuid = {2331436B-6D44-4F55-ACF9-EAF66B3DB0AF}
	EndGlobalSection
EndGlobal
